Microsoft Visual Studio Solution File, Format Version 12.00
# Visual Studio Version 17
VisualStudioVersion = 17.5.2.0
MinimumVisualStudioVersion = 10.0.40219.1
Project("{FAE04EC0-301F-11D3-BF4B-00C04F79EFBC}") = "OP2_GRUPP39", "OP2_GRUPP39.csproj", "{9768011B-E456-D7DE-4821-7DE13B9C836D}"
EndProject
Global
	GlobalSection(SolutionConfigurationPlatforms) = preSolution
		Debug|Any CPU = Debug|Any CPU
		Release|Any CPU = Release|Any CPU
	EndGlobalSection
	GlobalSection(ProjectConfigurationPlatforms) = postSolution
		{9768011B-E456-D7DE-4821-7DE13B9C836D}.Debug|Any CPU.ActiveCfg = Debug|Any CPU
		{9768011B-E456-D7DE-4821-7DE13B9C836D}.Debug|Any CPU.Build.0 = Debug|Any CPU
		{9768011B-E456-D7DE-4821-7DE13B9C836D}.Release|Any CPU.ActiveCfg = Release|Any CPU
		{9768011B-E456-D7DE-4821-7DE13B9C836D}.Release|Any CPU.Build.0 = Release|Any CPU
	EndGlobalSection
	GlobalSection(SolutionProperties) = preSolution
		HideSolutionNode = FALSE
	EndGlobalSection
	GlobalSection(ExtensibilityGlobals) = postSolution
		SolutionGuid = {6ACE5AAC-364A-4F5E-9C73-0E9EDE3CB166}
	EndGlobalSection
EndGlobal
